
Microsoft Visual Studio Solution File, Format Version 12.00
# Visual Studio Version 17
VisualStudioVersion = 17.7.34031.279
MinimumVisualStudioVersion = 10.0.40219.1
Project("{9A19103F-16F7-4668-BE54-9A1E7A4F7556}") = "RockWebApp", "RockWebApp\RockWebApp.csproj", "{DD76FF9E-049A-4725-9BA7-42F782D6D5AE}"
EndProject
Project("{FAE04EC0-301F-11D3-BF4B-00C04F79EFBC}") = "Rock.DataAccess", "Rock.DataAccess\Rock.DataAccess.csproj", "{A7CA0B5B-0DFC-4B2C-B1DD-CA85E3A84473}"
EndProject
Project("{FAE04EC0-301F-11D3-BF4B-00C04F79EFBC}") = "Rock.Models", "Rock.Models\Rock.Models.csproj", "{88D71059-E4FF-4BE1-836E-C0CA50A6F45E}"
EndProject
Project("{FAE04EC0-301F-11D3-BF4B-00C04F79EFBC}") = "Rock.Utility", "Rock.Utility\Rock.Utility.csproj", "{B3740881-8FAD-4B62-A5FD-EBC941F32E45}"
EndProject
Global
	GlobalSection(SolutionConfigurationPlatforms) = preSolution
		Debug|Any CPU = Debug|Any CPU
		Release|Any CPU = Release|Any CPU
	EndGlobalSection
	GlobalSection(ProjectConfigurationPlatforms) = postSolution
		{DD76FF9E-049A-4725-9BA7-42F782D6D5AE}.Debug|Any CPU.ActiveCfg = Debug|Any CPU
		{DD76FF9E-049A-4725-9BA7-42F782D6D5AE}.Debug|Any CPU.Build.0 = Debug|Any CPU
		{DD76FF9E-049A-4725-9BA7-42F782D6D5AE}.Release|Any CPU.ActiveCfg = Release|Any CPU
		{DD76FF9E-049A-4725-9BA7-42F782D6D5AE}.Release|Any CPU.Build.0 = Release|Any CPU
		{A7CA0B5B-0DFC-4B2C-B1DD-CA85E3A84473}.Debug|Any CPU.ActiveCfg = Debug|Any CPU
		{A7CA0B5B-0DFC-4B2C-B1DD-CA85E3A84473}.Debug|Any CPU.Build.0 = Debug|Any CPU
		{A7CA0B5B-0DFC-4B2C-B1DD-CA85E3A84473}.Release|Any CPU.ActiveCfg = Release|Any CPU
		{A7CA0B5B-0DFC-4B2C-B1DD-CA85E3A84473}.Release|Any CPU.Build.0 = Release|Any CPU
		{88D71059-E4FF-4BE1-836E-C0CA50A6F45E}.Debug|Any CPU.ActiveCfg = Debug|Any CPU
		{88D71059-E4FF-4BE1-836E-C0CA50A6F45E}.Debug|Any CPU.Build.0 = Debug|Any CPU
		{88D71059-E4FF-4BE1-836E-C0CA50A6F45E}.Release|Any CPU.ActiveCfg = Release|Any CPU
		{88D71059-E4FF-4BE1-836E-C0CA50A6F45E}.Release|Any CPU.Build.0 = Release|Any CPU
		{B3740881-8FAD-4B62-A5FD-EBC941F32E45}.Debug|Any CPU.ActiveCfg = Debug|Any CPU
		{B3740881-8FAD-4B62-A5FD-EBC941F32E45}.Debug|Any CPU.Build.0 = Debug|Any CPU
		{B3740881-8FAD-4B62-A5FD-EBC941F32E45}.Release|Any CPU.ActiveCfg = Release|Any CPU
		{B3740881-8FAD-4B62-A5FD-EBC941F32E45}.Release|Any CPU.Build.0 = Release|Any CPU
	EndGlobalSection
	GlobalSection(SolutionProperties) = preSolution
		HideSolutionNode = FALSE
	EndGlobalSection
	GlobalSection(ExtensibilityGlobals) = postSolution
		SolutionGuid = {7270CCBD-AC40-40DC-949E-AEB1F2706D02}
	EndGlobalSection
EndGlobal
